
Microsoft Visual Studio Solution File, Format Version 12.00
# Visual Studio Version 17
VisualStudioVersion = 17.3.32901.215
MinimumVisualStudioVersion = 10.0.40219.1
Project("{FAE04EC0-301F-11D3-BF4B-00C04F79EFBC}") = "wisielec_03", "wisielec_03\wisielec_03.csproj", "{C7D7895F-AAE6-4555-94AB-C84E3C7FFE55}"
EndProject
Global
	GlobalSection(SolutionConfigurationPlatforms) = preSolution
		Debug|Any CPU = Debug|Any CPU
		Release|Any CPU = Release|Any CPU
	EndGlobalSection
	GlobalSection(ProjectConfigurationPlatforms) = postSolution
		{C7D7895F-AAE6-4555-94AB-C84E3C7FFE55}.Debug|Any CPU.ActiveCfg = Debug|Any CPU
		{C7D7895F-AAE6-4555-94AB-C84E3C7FFE55}.Debug|Any CPU.Build.0 = Debug|Any CPU
		{C7D7895F-AAE6-4555-94AB-C84E3C7FFE55}.Release|Any CPU.ActiveCfg = Release|Any CPU
		{C7D7895F-AAE6-4555-94AB-C84E3C7FFE55}.Release|Any CPU.Build.0 = Release|Any CPU
	EndGlobalSection
	GlobalSection(SolutionProperties) = preSolution
		HideSolutionNode = FALSE
	EndGlobalSection
	GlobalSection(ExtensibilityGlobals) = postSolution
		SolutionGuid = {A827D059-383D-4E46-B74F-3B310211F388}
	EndGlobalSection
EndGlobal
